
Microsoft Visual Studio Solution File, Format Version 12.00
# Visual Studio 15
Project("{FAE04EC0-301F-11D3-BF4B-00C04F79EFBC}") = "Unity.Timeline", "Unity.Timeline.csproj", "{09242652-90D9-C428-3CDC-3520D8E2CF17}"
EndProject
Project("{FAE04EC0-301F-11D3-BF4B-00C04F79EFBC}") = "Unity.Timeline.Editor", "Unity.Timeline.Editor.csproj", "{85363678-501D-439E-DCE0-0A443DA52249}"
EndProject
Project("{FAE04EC0-301F-11D3-BF4B-00C04F79EFBC}") = "Unity.TextMeshPro.Editor", "Unity.TextMeshPro.Editor.csproj", "{F20F8678-BDE3-E3E2-3B14-759A4FC9406C}"
EndProject
Project("{FAE04EC0-301F-11D3-BF4B-00C04F79EFBC}") = "Unity.VisualScripting.Flow", "Unity.VisualScripting.Flow.csproj", "{C8EE62A8-322F-F64D-B28C-AAD23E4EB8AB}"
EndProject
Project("{FAE04EC0-301F-11D3-BF4B-00C04F79EFBC}") = "Unity.PlasticSCM.Editor", "Unity.PlasticSCM.Editor.csproj", "{7D705088-36C5-4DBF-4EE2-2EDDABD7FEB1}"
EndProject
Project("{FAE04EC0-301F-11D3-BF4B-00C04F79EFBC}") = "Unity.VisualScripting.Core", "Unity.VisualScripting.Core.csproj", "{9EC0BB1A-C42F-355F-BBF8-79AE73D3C41B}"
EndProject
Project("{FAE04EC0-301F-11D3-BF4B-00C04F79EFBC}") = "Unity.VisualScripting.Core.Editor", "Unity.VisualScripting.Core.Editor.csproj", "{E3DAE4E1-2E07-1A6B-9616-2C554A904D42}"
EndProject
Project("{FAE04EC0-301F-11D3-BF4B-00C04F79EFBC}") = "Unity.VisualScripting.Flow.Editor", "Unity.VisualScripting.Flow.Editor.csproj", "{84585552-C337-0540-9C72-EDC45AF6A8D2}"
EndProject
Project("{FAE04EC0-301F-11D3-BF4B-00C04F79EFBC}") = "UnityEditor.TestRunner", "UnityEditor.TestRunner.csproj", "{32A27174-2903-8164-F988-FEB3DAB6ED56}"
EndProject
Project("{FAE04EC0-301F-11D3-BF4B-00C04F79EFBC}") = "Unity.VisualScripting.SettingsProvider.Editor", "Unity.VisualScripting.SettingsProvider.Editor.csproj", "{F8800EBF-A7F6-3968-3D17-4346361946DB}"
EndProject
Project("{FAE04EC0-301F-11D3-BF4B-00C04F79EFBC}") = "UnityEngine.TestRunner", "UnityEngine.TestRunner.csproj", "{92EBDB8A-B97F-7E1B-CA3B-B69A657A3624}"
EndProject
Project("{FAE04EC0-301F-11D3-BF4B-00C04F79EFBC}") = "Unity.VisualStudio.Editor", "Unity.VisualStudio.Editor.csproj", "{E58269D5-9135-8D3F-EDFC-1100113EC47C}"
EndProject
Project("{FAE04EC0-301F-11D3-BF4B-00C04F79EFBC}") = "Unity.TestTools.CodeCoverage.Editor.OpenCover.Model", "Unity.TestTools.CodeCoverage.Editor.OpenCover.Model.csproj", "{144EFDD1-7325-9C67-D1E2-501053CD66B6}"
EndProject
Project("{FAE04EC0-301F-11D3-BF4B-00C04F79EFBC}") = "Unity.Rider.Editor", "Unity.Rider.Editor.csproj", "{C889A1AC-6091-18EB-FFFA-1114787B5732}"
EndProject
Project("{FAE04EC0-301F-11D3-BF4B-00C04F79EFBC}") = "Unity.VisualScripting.State.Editor", "Unity.VisualScripting.State.Editor.csproj", "{58EBD3B0-5ECA-CEA2-2EEF-E6BAF35F1F1B}"
EndProject
Project("{FAE04EC0-301F-11D3-BF4B-00C04F79EFBC}") = "Unity.TestTools.CodeCoverage.Editor", "Unity.TestTools.CodeCoverage.Editor.csproj", "{B9118CCA-3B9C-FEAC-7FB1-C85214E239D9}"
EndProject
Project("{FAE04EC0-301F-11D3-BF4B-00C04F79EFBC}") = "Unity.VisualScripting.State", "Unity.VisualScripting.State.csproj", "{58E09992-E7AE-A2C2-C3D2-1F155684E70C}"
EndProject
Project("{FAE04EC0-301F-11D3-BF4B-00C04F79EFBC}") = "Unity.TextMeshPro", "Unity.TextMeshPro.csproj", "{16E44222-81A9-8E52-CECC-72B76986F5A9}"
EndProject
Project("{FAE04EC0-301F-11D3-BF4B-00C04F79EFBC}") = "Unity.Performance.Profile-Analyzer.Editor", "Unity.Performance.Profile-Analyzer.Editor.csproj", "{D5428B62-4453-593D-BC30-3683F6934CD6}"
EndProject
Project("{FAE04EC0-301F-11D3-BF4B-00C04F79EFBC}") = "Unity.VSCode.Editor", "Unity.VSCode.Editor.csproj", "{4945157B-C0E7-3529-ADAA-FC971D70C5B6}"
EndProject
Project("{FAE04EC0-301F-11D3-BF4B-00C04F79EFBC}") = "Unity.TestTools.CodeCoverage.Editor.OpenCover.Mono.Reflection", "Unity.TestTools.CodeCoverage.Editor.OpenCover.Mono.Reflection.csproj", "{3790EF4B-16C8-5C9C-8689-507A1D074B25}"
EndProject
Project("{FAE04EC0-301F-11D3-BF4B-00C04F79EFBC}") = "Unity.Settings.Editor", "Unity.Settings.Editor.csproj", "{A39504A0-0352-8F43-27B8-28734FDD40B9}"
EndProject
Project("{FAE04EC0-301F-11D3-BF4B-00C04F79EFBC}") = "Assembly-CSharp", "Assembly-CSharp.csproj", "{3ABC16F7-AA13-CC14-6CAE-2599FCB2CDD5}"
EndProject
Project("{FAE04EC0-301F-11D3-BF4B-00C04F79EFBC}") = "Unity.EditorCoroutines.Editor", "Unity.EditorCoroutines.Editor.csproj", "{36F702C7-15E5-CC36-BD96-F59292E016EC}"
EndProject
Project("{FAE04EC0-301F-11D3-BF4B-00C04F79EFBC}") = "Unity.VisualScripting.Shared.Editor", "Unity.VisualScripting.Shared.Editor.csproj", "{3298DFE5-792F-E1C1-1855-C22880EE4946}"
EndProject
Project("{FAE04EC0-301F-11D3-BF4B-00C04F79EFBC}") = "Unity.CollabProxy.Editor", "Unity.CollabProxy.Editor.csproj", "{B4125015-7CFB-81C2-46CF-BF4A35C9DC0F}"
EndProject
Global
	GlobalSection(SolutionConfigurationPlatforms) = preSolution
		Debug|Any CPU = Debug|Any CPU
		Release|Any CPU = Release|Any CPU
	EndGlobalSection
	GlobalSection(ProjectConfigurationPlatforms) = postSolution
		{09242652-90D9-C428-3CDC-3520D8E2CF17}.Debug|Any CPU.ActiveCfg = Debug|Any CPU
		{09242652-90D9-C428-3CDC-3520D8E2CF17}.Debug|Any CPU.Build.0 = Debug|Any CPU
		{09242652-90D9-C428-3CDC-3520D8E2CF17}.Release|Any CPU.ActiveCfg = Release|Any CPU
		{09242652-90D9-C428-3CDC-3520D8E2CF17}.Release|Any CPU.Build.0 = Release|Any CPU
		{85363678-501D-439E-DCE0-0A443DA52249}.Debug|Any CPU.ActiveCfg = Debug|Any CPU
		{85363678-501D-439E-DCE0-0A443DA52249}.Debug|Any CPU.Build.0 = Debug|Any CPU
		{85363678-501D-439E-DCE0-0A443DA52249}.Release|Any CPU.ActiveCfg = Release|Any CPU
		{85363678-501D-439E-DCE0-0A443DA52249}.Release|Any CPU.Build.0 = Release|Any CPU
		{F20F8678-BDE3-E3E2-3B14-759A4FC9406C}.Debug|Any CPU.ActiveCfg = Debug|Any CPU
		{F20F8678-BDE3-E3E2-3B14-759A4FC9406C}.Debug|Any CPU.Build.0 = Debug|Any CPU
		{F20F8678-BDE3-E3E2-3B14-759A4FC9406C}.Release|Any CPU.ActiveCfg = Release|Any CPU
		{F20F8678-BDE3-E3E2-3B14-759A4FC9406C}.Release|Any CPU.Build.0 = Release|Any CPU
		{C8EE62A8-322F-F64D-B28C-AAD23E4EB8AB}.Debug|Any CPU.ActiveCfg = Debug|Any CPU
		{C8EE62A8-322F-F64D-B28C-AAD23E4EB8AB}.Debug|Any CPU.Build.0 = Debug|Any CPU
		{C8EE62A8-322F-F64D-B28C-AAD23E4EB8AB}.Release|Any CPU.ActiveCfg = Release|Any CPU
		{C8EE62A8-322F-F64D-B28C-AAD23E4EB8AB}.Release|Any CPU.Build.0 = Release|Any CPU
		{7D705088-36C5-4DBF-4EE2-2EDDABD7FEB1}.Debug|Any CPU.ActiveCfg = Debug|Any CPU
		{7D705088-36C5-4DBF-4EE2-2EDDABD7FEB1}.Debug|Any CPU.Build.0 = Debug|Any CPU
		{7D705088-36C5-4DBF-4EE2-2EDDABD7FEB1}.Release|Any CPU.ActiveCfg = Release|Any CPU
		{7D705088-36C5-4DBF-4EE2-2EDDABD7FEB1}.Release|Any CPU.Build.0 = Release|Any CPU
		{9EC0BB1A-C42F-355F-BBF8-79AE73D3C41B}.Debug|Any CPU.ActiveCfg = Debug|Any CPU
		{9EC0BB1A-C42F-355F-BBF8-79AE73D3C41B}.Debug|Any CPU.Build.0 = Debug|Any CPU
		{9EC0BB1A-C42F-355F-BBF8-79AE73D3C41B}.Release|Any CPU.ActiveCfg = Release|Any CPU
		{9EC0BB1A-C42F-355F-BBF8-79AE73D3C41B}.Release|Any CPU.Build.0 = Release|Any CPU
		{E3DAE4E1-2E07-1A6B-9616-2C554A904D42}.Debug|Any CPU.ActiveCfg = Debug|Any CPU
		{E3DAE4E1-2E07-1A6B-9616-2C554A904D42}.Debug|Any CPU.Build.0 = Debug|Any CPU
		{E3DAE4E1-2E07-1A6B-9616-2C554A904D42}.Release|Any CPU.ActiveCfg = Release|Any CPU
		{E3DAE4E1-2E07-1A6B-9616-2C554A904D42}.Release|Any CPU.Build.0 = Release|Any CPU
		{84585552-C337-0540-9C72-EDC45AF6A8D2}.Debug|Any CPU.ActiveCfg = Debug|Any CPU
		{84585552-C337-0540-9C72-EDC45AF6A8D2}.Debug|Any CPU.Build.0 = Debug|Any CPU
		{84585552-C337-0540-9C72-EDC45AF6A8D2}.Release|Any CPU.ActiveCfg = Release|Any CPU
		{84585552-C337-0540-9C72-EDC45AF6A8D2}.Release|Any CPU.Build.0 = Release|Any CPU
		{32A27174-2903-8164-F988-FEB3DAB6ED56}.Debug|Any CPU.ActiveCfg = Debug|Any CPU
		{32A27174-2903-8164-F988-FEB3DAB6ED56}.Debug|Any CPU.Build.0 = Debug|Any CPU
		{32A27174-2903-8164-F988-FEB3DAB6ED56}.Release|Any CPU.ActiveCfg = Release|Any CPU
		{32A27174-2903-8164-F988-FEB3DAB6ED56}.Release|Any CPU.Build.0 = Release|Any CPU
		{F8800EBF-A7F6-3968-3D17-4346361946DB}.Debug|Any CPU.ActiveCfg = Debug|Any CPU
		{F8800EBF-A7F6-3968-3D17-4346361946DB}.Debug|Any CPU.Build.0 = Debug|Any CPU
		{F8800EBF-A7F6-3968-3D17-4346361946DB}.Release|Any CPU.ActiveCfg = Release|Any CPU
		{F8800EBF-A7F6-3968-3D17-4346361946DB}.Release|Any CPU.Build.0 = Release|Any CPU
		{92EBDB8A-B97F-7E1B-CA3B-B69A657A3624}.Debug|Any CPU.ActiveCfg = Debug|Any CPU
		{92EBDB8A-B97F-7E1B-CA3B-B69A657A3624}.Debug|Any CPU.Build.0 = Debug|Any CPU
		{92EBDB8A-B97F-7E1B-CA3B-B69A657A3624}.Release|Any CPU.ActiveCfg = Release|Any CPU
		{92EBDB8A-B97F-7E1B-CA3B-B69A657A3624}.Release|Any CPU.Build.0 = Release|Any CPU
		{E58269D5-9135-8D3F-EDFC-1100113EC47C}.Debug|Any CPU.ActiveCfg = Debug|Any CPU
		{E58269D5-9135-8D3F-EDFC-1100113EC47C}.Debug|Any CPU.Build.0 = Debug|Any CPU
		{E58269D5-9135-8D3F-EDFC-1100113EC47C}.Release|Any CPU.ActiveCfg = Release|Any CPU
		{E58269D5-9135-8D3F-EDFC-1100113EC47C}.Release|Any CPU.Build.0 = Release|Any CPU
		{144EFDD1-7325-9C67-D1E2-501053CD66B6}.Debug|Any CPU.ActiveCfg = Debug|Any CPU
		{144EFDD1-7325-9C67-D1E2-501053CD66B6}.Debug|Any CPU.Build.0 = Debug|Any CPU
		{144EFDD1-7325-9C67-D1E2-501053CD66B6}.Release|Any CPU.ActiveCfg = Release|Any CPU
		{144EFDD1-7325-9C67-D1E2-501053CD66B6}.Release|Any CPU.Build.0 = Release|Any CPU
		{C889A1AC-6091-18EB-FFFA-1114787B5732}.Debug|Any CPU.ActiveCfg = Debug|Any CPU
		{C889A1AC-6091-18EB-FFFA-1114787B5732}.Debug|Any CPU.Build.0 = Debug|Any CPU
		{C889A1AC-6091-18EB-FFFA-1114787B5732}.Release|Any CPU.ActiveCfg = Release|Any CPU
		{C889A1AC-6091-18EB-FFFA-1114787B5732}.Release|Any CPU.Build.0 = Release|Any CPU
		{58EBD3B0-5ECA-CEA2-2EEF-E6BAF35F1F1B}.Debug|Any CPU.ActiveCfg = Debug|Any CPU
		{58EBD3B0-5ECA-CEA2-2EEF-E6BAF35F1F1B}.Debug|Any CPU.Build.0 = Debug|Any CPU
		{58EBD3B0-5ECA-CEA2-2EEF-E6BAF35F1F1B}.Release|Any CPU.ActiveCfg = Release|Any CPU
		{58EBD3B0-5ECA-CEA2-2EEF-E6BAF35F1F1B}.Release|Any CPU.Build.0 = Release|Any CPU
		{B9118CCA-3B9C-FEAC-7FB1-C85214E239D9}.Debug|Any CPU.ActiveCfg = Debug|Any CPU
		{B9118CCA-3B9C-FEAC-7FB1-C85214E239D9}.Debug|Any CPU.Build.0 = Debug|Any CPU
		{B9118CCA-3B9C-FEAC-7FB1-C85214E239D9}.Release|Any CPU.ActiveCfg = Release|Any CPU
		{B9118CCA-3B9C-FEAC-7FB1-C85214E239D9}.Release|Any CPU.Build.0 = Release|Any CPU
		{58E09992-E7AE-A2C2-C3D2-1F155684E70C}.Debug|Any CPU.ActiveCfg = Debug|Any CPU
		{58E09992-E7AE-A2C2-C3D2-1F155684E70C}.Debug|Any CPU.Build.0 = Debug|Any CPU
		{58E09992-E7AE-A2C2-C3D2-1F155684E70C}.Release|Any CPU.ActiveCfg = Release|Any CPU
		{58E09992-E7AE-A2C2-C3D2-1F155684E70C}.Release|Any CPU.Build.0 = Release|Any CPU
		{16E44222-81A9-8E52-CECC-72B76986F5A9}.Debug|Any CPU.ActiveCfg = Debug|Any CPU
		{16E44222-81A9-8E52-CECC-72B76986F5A9}.Debug|Any CPU.Build.0 = Debug|Any CPU
		{16E44222-81A9-8E52-CECC-72B76986F5A9}.Release|Any CPU.ActiveCfg = Release|Any CPU
		{16E44222-81A9-8E52-CECC-72B76986F5A9}.Release|Any CPU.Build.0 = Release|Any CPU
		{D5428B62-4453-593D-BC30-3683F6934CD6}.Debug|Any CPU.ActiveCfg = Debug|Any CPU
		{D5428B62-4453-593D-BC30-3683F6934CD6}.Debug|Any CPU.Build.0 = Debug|Any CPU
		{D5428B62-4453-593D-BC30-3683F6934CD6}.Release|Any CPU.ActiveCfg = Release|Any CPU
		{D5428B62-4453-593D-BC30-3683F6934CD6}.Release|Any CPU.Build.0 = Release|Any CPU
		{4945157B-C0E7-3529-ADAA-FC971D70C5B6}.Debug|Any CPU.ActiveCfg = Debug|Any CPU
		{4945157B-C0E7-3529-ADAA-FC971D70C5B6}.Debug|Any CPU.Build.0 = Debug|Any CPU
		{4945157B-C0E7-3529-ADAA-FC971D70C5B6}.Release|Any CPU.ActiveCfg = Release|Any CPU
		{4945157B-C0E7-3529-ADAA-FC971D70C5B6}.Release|Any CPU.Build.0 = Release|Any CPU
		{3790EF4B-16C8-5C9C-8689-507A1D074B25}.Debug|Any CPU.ActiveCfg = Debug|Any CPU
		{3790EF4B-16C8-5C9C-8689-507A1D074B25}.Debug|Any CPU.Build.0 = Debug|Any CPU
		{3790EF4B-16C8-5C9C-8689-507A1D074B25}.Release|Any CPU.ActiveCfg = Release|Any CPU
		{3790EF4B-16C8-5C9C-8689-507A1D074B25}.Release|Any CPU.Build.0 = Release|Any CPU
		{A39504A0-0352-8F43-27B8-28734FDD40B9}.Debug|Any CPU.ActiveCfg = Debug|Any CPU
		{A39504A0-0352-8F43-27B8-28734FDD40B9}.Debug|Any CPU.Build.0 = Debug|Any CPU
		{A39504A0-0352-8F43-27B8-28734FDD40B9}.Release|Any CPU.ActiveCfg = Release|Any CPU
		{A39504A0-0352-8F43-27B8-28734FDD40B9}.Release|Any CPU.Build.0 = Release|Any CPU
		{3ABC16F7-AA13-CC14-6CAE-2599FCB2CDD5}.Debug|Any CPU.ActiveCfg = Debug|Any CPU
		{3ABC16F7-AA13-CC14-6CAE-2599FCB2CDD5}.Debug|Any CPU.Build.0 = Debug|Any CPU
		{3ABC16F7-AA13-CC14-6CAE-2599FCB2CDD5}.Release|Any CPU.ActiveCfg = Release|Any CPU
		{3ABC16F7-AA13-CC14-6CAE-2599FCB2CDD5}.Release|Any CPU.Build.0 = Release|Any CPU
		{36F702C7-15E5-CC36-BD96-F59292E016EC}.Debug|Any CPU.ActiveCfg = Debug|Any CPU
		{36F702C7-15E5-CC36-BD96-F59292E016EC}.Debug|Any CPU.Build.0 = Debug|Any CPU
		{36F702C7-15E5-CC36-BD96-F59292E016EC}.Release|Any CPU.ActiveCfg = Release|Any CPU
		{36F702C7-15E5-CC36-BD96-F59292E016EC}.Release|Any CPU.Build.0 = Release|Any CPU
		{3298DFE5-792F-E1C1-1855-C22880EE4946}.Debug|Any CPU.ActiveCfg = Debug|Any CPU
		{3298DFE5-792F-E1C1-1855-C22880EE4946}.Debug|Any CPU.Build.0 = Debug|Any CPU
		{3298DFE5-792F-E1C1-1855-C22880EE4946}.Release|Any CPU.ActiveCfg = Release|Any CPU
		{3298DFE5-792F-E1C1-1855-C22880EE4946}.Release|Any CPU.Build.0 = Release|Any CPU
		{B4125015-7CFB-81C2-46CF-BF4A35C9DC0F}.Debug|Any CPU.ActiveCfg = Debug|Any CPU
		{B4125015-7CFB-81C2-46CF-BF4A35C9DC0F}.Debug|Any CPU.Build.0 = Debug|Any CPU
		{B4125015-7CFB-81C2-46CF-BF4A35C9DC0F}.Release|Any CPU.ActiveCfg = Release|Any CPU
		{B4125015-7CFB-81C2-46CF-BF4A35C9DC0F}.Release|Any CPU.Build.0 = Release|Any CPU
	EndGlobalSection
	GlobalSection(SolutionProperties) = preSolution
		HideSolutionNode = FALSE
	EndGlobalSection
EndGlobal
